{
  "name": "vnnative3-router",
  "version": "1.0.88",
  "lockfileVersion": 2,
  "requires": true,
  "packages": {
    "": {
      "name": "vnnative3-router",
      "version": "1.0.88",
      "license": "MIT",
      "dependencies": {
        "@types/node": "^17.0.8",
        "vnnative3-console": "^1.0.1",
        "vnnative3-webview": "^1.0.3"
      },
      "devDependencies": {
        "typescript": "^4.5.2"
      }
    },
    "node_modules/@types/mustache": {
      "version": "4.1.2",
      "resolved": "https://registry.npmjs.org/@types/mustache/-/mustache-4.1.2.tgz",
      "integrity": "sha512-c4OVMMcyodKQ9dpwBwh3ofK9P6U9ZktKU9S+p33UqwMNN1vlv2P0zJZUScTshnx7OEoIIRcCFNQ904sYxZz8kg=="
    },
    "node_modules/@types/node": {
      "version": "17.0.21",
      "resolved": "https://registry.npmjs.org/@types/node/-/node-17.0.21.tgz",
      "integrity": "sha512-DBZCJbhII3r90XbQxI8Y9IjjiiOGlZ0Hr32omXIZvwwZ7p4DMMXGrKXVyPfuoBOri9XNtL0UK69jYIBIsRX3QQ=="
    },
    "node_modules/typescript": {
      "version": "4.6.2",
      "resolved": "https://registry.npmjs.org/typescript/-/typescript-4.6.2.tgz",
      "integrity": "sha512-HM/hFigTBHZhLXshn9sN37H085+hQGeJHJ/X7LpBWLID/fbc2acUMfU+lGD98X81sKP+pFa9f0DZmCwB9GnbAg==",
      "dev": true,
      "bin": {
        "tsc": "bin/tsc",
        "tsserver": "bin/tsserver"
      },
      "engines": {
        "node": ">=4.2.0"
      }
    },
    "node_modules/vnnative3-console": {
      "version": "1.0.1",
      "resolved": "https://registry.npmjs.org/vnnative3-console/-/vnnative3-console-1.0.1.tgz",
      "integrity": "sha512-G2+XH7xfQpPw7EDm311gN1niZ8TzcC/9QhPxZnG7zXVqg3yZc9GcATsooaD5FsxlFlwCPtjna+5Ch6HvoJmlbQ=="
    },
    "node_modules/vnnative3-webview": {
      "version": "1.0.3",
      "resolved": "https://registry.npmjs.org/vnnative3-webview/-/vnnative3-webview-1.0.3.tgz",
      "integrity": "sha512-LinYMJZ91f1+lWLI3OrPA/Rckt4UBtlNJJcLLyzYlTNTfCOoFR6mbF1HSLlUrzOYnlbi1EjR5Xm9Bf5YN56z7A==",
      "dependencies": {
        "@types/mustache": "^4.1.2"
      }
    }
  },
  "dependencies": {
    "@types/mustache": {
      "version": "4.1.2",
      "resolved": "https://registry.npmjs.org/@types/mustache/-/mustache-4.1.2.tgz",
      "integrity": "sha512-c4OVMMcyodKQ9dpwBwh3ofK9P6U9ZktKU9S+p33UqwMNN1vlv2P0zJZUScTshnx7OEoIIRcCFNQ904sYxZz8kg=="
    },
    "@types/node": {
      "version": "17.0.21",
      "resolved": "https://registry.npmjs.org/@types/node/-/node-17.0.21.tgz",
      "integrity": "sha512-DBZCJbhII3r90XbQxI8Y9IjjiiOGlZ0Hr32omXIZvwwZ7p4DMMXGrKXVyPfuoBOri9XNtL0UK69jYIBIsRX3QQ=="
    },
    "typescript": {
      "version": "4.6.2",
      "resolved": "https://registry.npmjs.org/typescript/-/typescript-4.6.2.tgz",
      "integrity": "sha512-HM/hFigTBHZhLXshn9sN37H085+hQGeJHJ/X7LpBWLID/fbc2acUMfU+lGD98X81sKP+pFa9f0DZmCwB9GnbAg==",
      "dev": true
    },
    "vnnative3-console": {
      "version": "1.0.1",
      "resolved": "https://registry.npmjs.org/vnnative3-console/-/vnnative3-console-1.0.1.tgz",
      "integrity": "sha512-G2+XH7xfQpPw7EDm311gN1niZ8TzcC/9QhPxZnG7zXVqg3yZc9GcATsooaD5FsxlFlwCPtjna+5Ch6HvoJmlbQ=="
    },
    "vnnative3-webview": {
      "version": "1.0.3",
      "resolved": "https://registry.npmjs.org/vnnative3-webview/-/vnnative3-webview-1.0.3.tgz",
      "integrity": "sha512-LinYMJZ91f1+lWLI3OrPA/Rckt4UBtlNJJcLLyzYlTNTfCOoFR6mbF1HSLlUrzOYnlbi1EjR5Xm9Bf5YN56z7A==",
      "requires": {
        "@types/mustache": "^4.1.2"
      }
    }
  }
}
